github.com/armon/circbuf v0.0.0-20190214190532-5111143e8da2 h1:7Ip0wMmLHLRJdrloDxZfhMm0xrLXZS8+COSu2bXmEQs=
github.com/armon/circbuf v0.0.0-20190214190532-5111143e8da2/go.mod h1:3U/XgcO3hCbHZ8TKRvWD2dDTCfh9M9ya+I9JpbB7O8o=
github.com/carlmjohnson/exitcode v0.20.1 h1:ocEdVMAj2t80KJdTvtwxCLBTQWbLQmUZ8IklGmFaLFw=
github.com/carlmjohnson/exitcode v0.20.1/go.mod h1:MZ6ThCDx517DQcrpYnnns1pLh8onjFl+B/AsrOrdmpc=
github.com/carlmjohnson/exitcode v0.20.2 h1:vE6rmkCGNA4kO4m1qwWIa77PKlUBVg46cNjs22eAOXE=
github.com/carlmjohnson/exitcode v0.20.2/go.mod h1:MZ6ThCDx517DQcrpYnnns1pLh8onjFl+B/AsrOrdmpc=
github.com/carlmjohnson/flagext v0.20.2 h1:qvpMM+TytSrlh3+EIVn/pzOwwq9y13hXZab6Y4Gvqpo=
github.com/carlmjohnson/flagext v0.20.2/go.mod h1:Eenv0epIUAr4NuedNmkzI8WmBmjIxZC239XcKxYS2ac=
