github.com/armon/circbuf v0.0.0-20190214190532-5111143e8da2 h1:7Ip0wMmLHLRJdrloDxZfhMm0xrLXZS8+COSu2bXmEQs=
github.com/armon/circbuf v0.0.0-20190214190532-5111143e8da2/go.mod h1:3U/XgcO3hCbHZ8TKRvWD2dDTCfh9M9ya+I9JpbB7O8o=
github.com/carlmjohnson/errutil v0.21.1 h1:AzPzbVIZBWipr2bJJ3hDo8PEQ9NBaDnro+0uyjRswak=
github.com/carlmjohnson/errutil v0.21.1/go.mod h1:t1n46sLob5fpvrJ5706xDg0zOcj2FigYuhAn37qSRec=
github.com/carlmjohnson/exitcode v0.20.2 h1:vE6rmkCGNA4kO4m1qwWIa77PKlUBVg46cNjs22eAOXE=
github.com/carlmjohnson/exitcode v0.20.2/go.mod h1:MZ6ThCDx517DQcrpYnnns1pLh8onjFl+B/AsrOrdmpc=
github.com/carlmjohnson/flagext v0.21.0 h1:/c4uK3ie786Z7caXLcIMvePNSSiH3bQVGDvmGLMme60=
github.com/carlmjohnson/flagext v0.21.0/go.mod h1:Eenv0epIUAr4NuedNmkzI8WmBmjIxZC239XcKxYS2ac=
github.com/carlmjohnson/requests v0.21.9-0.20210628171508-cbdbf914f07b h1:FesKmlax5NqdKiPFILCpZOUxCviBrHbIkdRr95hAZ+k=
github.com/carlmjohnson/requests v0.21.9-0.20210628171508-cbdbf914f07b/go.mod h1:1i7g2I2eq5ZlNY6V/2wz5d2IVMH0TXyARtZ8P0t0/i4=
github.com/carlmjohnson/requests v0.21.10 h1:+HiFqt0IXfb0UqWHswJzI17LNGDUOYzfC5egC4tUgsU=
github.com/carlmjohnson/requests v0.21.10/go.mod h1:1i7g2I2eq5ZlNY6V/2wz5d2IVMH0TXyARtZ8P0t0/i4=
github.com/carlmjohnson/slackhook v0.21.1 h1:6vm4ES1C0oUKcIpzL0PodyuSPaZrOeUlh8dIdJoAO/c=
github.com/carlmjohnson/slackhook v0.21.1/go.mod h1:McpDznUHKwklLPEMqj2QuR8pHPXs1rbKk7OyBCNJqiY=
github.com/matryer/is v1.4.0 h1:sosSmIWwkYITGrxZ25ULNDeKiMNzFSr4V/eqBQP0PeE=
github.com/matryer/is v1.4.0/go.mod h1:8I/i5uYgLzgsgEloJE1U6xx5HkBQpAZvepWuujKwMRU=
golang.org/x/crypto v0.0.0-20190308221718-c2843e01d9a2/go.mod h1:djNgcEr1/C05ACkg1iLfiJU5Ep61QUkGW8qpdssI0+w=
golang.org/x/net v0.0.0-20200602114024-627f9648deb9/go.mod h1:qpuaurCH72eLCgpAm/N6yyVIVM9cpaDIP3A8BGJEC5A=
golang.org/x/net v0.0.0-20210525063256-abc453219eb5 h1:wjuX4b5yYQnEQHzd+CBcrcC6OVR2J1CN6mUy0oSxIPo=
golang.org/x/net v0.0.0-20210525063256-abc453219eb5/go.mod h1:9nx3DQGgdP8bBQD5qxJ1jj9UTztislL4KSBs9R2vV5Y=
golang.org/x/sys v0.0.0-20190215142949-d0b11bdaac8a/go.mod h1:STP8DvDyc/dI5b8T5hshtkjS+E42TnysNCUPdjciGhY=
golang.org/x/sys v0.0.0-20200323222414-85ca7c5b95cd/go.mod h1:h1NjWce9XRLGQEsW7wpKNCjG9DtNlClVuFLEZdDNbEs=
golang.org/x/sys v0.0.0-20201119102817-f84b799fce68/go.mod h1:h1NjWce9XRLGQEsW7wpKNCjG9DtNlClVuFLEZdDNbEs=
golang.org/x/sys v0.0.0-20210423082822-04245dca01da/go.mod h1:h1NjWce9XRLGQEsW7wpKNCjG9DtNlClVuFLEZdDNbEs=
golang.org/x/term v0.0.0-20201126162022-7de9c90e9dd1/go.mod h1:bj7SfCRtBDWHUb9snDiAeCFNEtKQo2Wmx5Cou7ajbmo=
golang.org/x/text v0.3.0/go.mod h1:NqM8EUOU14njkJ3fqMW+pc6Ldnwhi/IjpwHt7yyuwOQ=
golang.org/x/text v0.3.6/go.mod h1:5Zoc/QRtKVWzQhOtBMvqHzDpF6irO9z98xDceosuGiQ=
golang.org/x/tools v0.0.0-20180917221912-90fa682c2a6e/go.mod h1:n7NCudcB/nEzxVGmLbDWY5pfWTLqBcC2KZ6jyYvM4mQ=
