github.com/armon/circbuf v0.0.0-20190214190532-5111143e8da2 h1:7Ip0wMmLHLRJdrloDxZfhMm0xrLXZS8+COSu2bXmEQs=
github.com/armon/circbuf v0.0.0-20190214190532-5111143e8da2/go.mod h1:3U/XgcO3hCbHZ8TKRvWD2dDTCfh9M9ya+I9JpbB7O8o=
github.com/carlmjohnson/errutil v0.21.5 h1:4WpeYOqUXCg1LVrc3qp7Tzr0SJgpipupdVIpNmmwd/U=
github.com/carlmjohnson/errutil v0.21.5/go.mod h1:DMNW3MBHsaV/EPm8pjs4sA/gNjNsG4rUzbAfOh++gSM=
github.com/carlmjohnson/exitcode v0.20.2 h1:vE6rmkCGNA4kO4m1qwWIa77PKlUBVg46cNjs22eAOXE=
github.com/carlmjohnson/exitcode v0.20.2/go.mod h1:MZ6ThCDx517DQcrpYnnns1pLh8onjFl+B/AsrOrdmpc=
github.com/carlmjohnson/flagext v0.21.0 h1:/c4uK3ie786Z7caXLcIMvePNSSiH3bQVGDvmGLMme60=
github.com/carlmjohnson/flagext v0.21.0/go.mod h1:Eenv0epIUAr4NuedNmkzI8WmBmjIxZC239XcKxYS2ac=
github.com/carlmjohnson/requests v0.21.10 h1:+HiFqt0IXfb0UqWHswJzI17LNGDUOYzfC5egC4tUgsU=
github.com/carlmjohnson/requests v0.21.10/go.mod h1:1i7g2I2eq5ZlNY6V/2wz5d2IVMH0TXyARtZ8P0t0/i4=
github.com/carlmjohnson/slackhook v0.21.2 h1:jeifWRM+d0rgiDe+rWV8olFEbsN30v17CbCG2xMnMfc=
github.com/carlmjohnson/slackhook v0.21.2/go.mod h1:MJQwIJ3MGJ4WUqQgocXjkvCVHN+V0rw6r+s+TQWUA1k=
github.com/matryer/is v1.4.0 h1:sosSmIWwkYITGrxZ25ULNDeKiMNzFSr4V/eqBQP0PeE=
github.com/matryer/is v1.4.0/go.mod h1:8I/i5uYgLzgsgEloJE1U6xx5HkBQpAZvepWuujKwMRU=
golang.org/x/net v0.0.0-20210525063256-abc453219eb5 h1:wjuX4b5yYQnEQHzd+CBcrcC6OVR2J1CN6mUy0oSxIPo=
golang.org/x/net v0.0.0-20210525063256-abc453219eb5/go.mod h1:9nx3DQGgdP8bBQD5qxJ1jj9UTztislL4KSBs9R2vV5Y=
golang.org/x/sys v0.0.0-20201119102817-f84b799fce68/go.mod h1:h1NjWce9XRLGQEsW7wpKNCjG9DtNlClVuFLEZdDNbEs=
golang.org/x/sys v0.0.0-20210423082822-04245dca01da/go.mod h1:h1NjWce9XRLGQEsW7wpKNCjG9DtNlClVuFLEZdDNbEs=
golang.org/x/term v0.0.0-20201126162022-7de9c90e9dd1/go.mod h1:bj7SfCRtBDWHUb9snDiAeCFNEtKQo2Wmx5Cou7ajbmo=
golang.org/x/text v0.3.6/go.mod h1:5Zoc/QRtKVWzQhOtBMvqHzDpF6irO9z98xDceosuGiQ=
golang.org/x/tools v0.0.0-20180917221912-90fa682c2a6e/go.mod h1:n7NCudcB/nEzxVGmLbDWY5pfWTLqBcC2KZ6jyYvM4mQ=
